
Microsoft Visual Studio Solution File, Format Version 12.00
# Visual Studio Version 17
VisualStudioVersion = 17.1.32328.378
MinimumVisualStudioVersion = 10.0.40219.1
Project("{9A19103F-16F7-4668-BE54-9A1E7A4F7556}") = "UserService", "UserService\UserService.csproj", "{8BF5B6DE-FA82-4830-B756-ADD371CFCC76}"
EndProject
Project("{E53339B2-1760-4266-BCC7-CA923CBCF16C}") = "docker-compose", "docker-compose.dcproj", "{D417044E-D776-450C-AB13-4F1348EBDA4C}"
EndProject
Project("{9A19103F-16F7-4668-BE54-9A1E7A4F7556}") = "ProductServcie", "ProductServcie\ProductServcie.csproj", "{DCB9D4BD-389B-470B-AE15-689258955781}"
EndProject
Project("{9A19103F-16F7-4668-BE54-9A1E7A4F7556}") = "OrderService", "OrderService\OrderService.csproj", "{2E459B69-19BD-446E-BEFC-1298F02E7A48}"
EndProject
Project("{9A19103F-16F7-4668-BE54-9A1E7A4F7556}") = "OrderProcessor", "OrderProcessor\OrderProcessor.csproj", "{0DC693EA-17A3-478F-8676-BD74635A2313}"
EndProject
Global
	GlobalSection(SolutionConfigurationPlatforms) = preSolution
		Debug|Any CPU = Debug|Any CPU
		Release|Any CPU = Release|Any CPU
	EndGlobalSection
	GlobalSection(ProjectConfigurationPlatforms) = postSolution
		{8BF5B6DE-FA82-4830-B756-ADD371CFCC76}.Debug|Any CPU.ActiveCfg = Debug|Any CPU
		{8BF5B6DE-FA82-4830-B756-ADD371CFCC76}.Debug|Any CPU.Build.0 = Debug|Any CPU
		{8BF5B6DE-FA82-4830-B756-ADD371CFCC76}.Release|Any CPU.ActiveCfg = Release|Any CPU
		{8BF5B6DE-FA82-4830-B756-ADD371CFCC76}.Release|Any CPU.Build.0 = Release|Any CPU
		{D417044E-D776-450C-AB13-4F1348EBDA4C}.Debug|Any CPU.ActiveCfg = Debug|Any CPU
		{D417044E-D776-450C-AB13-4F1348EBDA4C}.Debug|Any CPU.Build.0 = Debug|Any CPU
		{D417044E-D776-450C-AB13-4F1348EBDA4C}.Release|Any CPU.ActiveCfg = Release|Any CPU
		{D417044E-D776-450C-AB13-4F1348EBDA4C}.Release|Any CPU.Build.0 = Release|Any CPU
		{DCB9D4BD-389B-470B-AE15-689258955781}.Debug|Any CPU.ActiveCfg = Debug|Any CPU
		{DCB9D4BD-389B-470B-AE15-689258955781}.Debug|Any CPU.Build.0 = Debug|Any CPU
		{DCB9D4BD-389B-470B-AE15-689258955781}.Release|Any CPU.ActiveCfg = Release|Any CPU
		{DCB9D4BD-389B-470B-AE15-689258955781}.Release|Any CPU.Build.0 = Release|Any CPU
		{2E459B69-19BD-446E-BEFC-1298F02E7A48}.Debug|Any CPU.ActiveCfg = Debug|Any CPU
		{2E459B69-19BD-446E-BEFC-1298F02E7A48}.Debug|Any CPU.Build.0 = Debug|Any CPU
		{2E459B69-19BD-446E-BEFC-1298F02E7A48}.Release|Any CPU.ActiveCfg = Release|Any CPU
		{2E459B69-19BD-446E-BEFC-1298F02E7A48}.Release|Any CPU.Build.0 = Release|Any CPU
		{0DC693EA-17A3-478F-8676-BD74635A2313}.Debug|Any CPU.ActiveCfg = Debug|Any CPU
		{0DC693EA-17A3-478F-8676-BD74635A2313}.Debug|Any CPU.Build.0 = Debug|Any CPU
		{0DC693EA-17A3-478F-8676-BD74635A2313}.Release|Any CPU.ActiveCfg = Release|Any CPU
		{0DC693EA-17A3-478F-8676-BD74635A2313}.Release|Any CPU.Build.0 = Release|Any CPU
	EndGlobalSection
	GlobalSection(SolutionProperties) = preSolution
		HideSolutionNode = FALSE
	EndGlobalSection
	GlobalSection(ExtensibilityGlobals) = postSolution
		SolutionGuid = {CF060D79-97A7-4B8F-B732-6BB65165E08E}
	EndGlobalSection
EndGlobal
